
Microsoft Visual Studio Solution File, Format Version 12.00
# Visual Studio Version 17
VisualStudioVersion = 17.8.34316.72
MinimumVisualStudioVersion = 10.0.40219.1
Project("{FAE04EC0-301F-11D3-BF4B-00C04F79EFBC}") = "NEW_GIT.cs", "NEW_GIT.cs\NEW_GIT.cs.csproj", "{638E549C-522A-42B3-9B84-4E530A93D26F}"
EndProject
Global
	GlobalSection(SolutionConfigurationPlatforms) = preSolution
		Debug|Any CPU = Debug|Any CPU
		Release|Any CPU = Release|Any CPU
	EndGlobalSection
	GlobalSection(ProjectConfigurationPlatforms) = postSolution
		{638E549C-522A-42B3-9B84-4E530A93D26F}.Debug|Any CPU.ActiveCfg = Debug|Any CPU
		{638E549C-522A-42B3-9B84-4E530A93D26F}.Debug|Any CPU.Build.0 = Debug|Any CPU
		{638E549C-522A-42B3-9B84-4E530A93D26F}.Release|Any CPU.ActiveCfg = Release|Any CPU
		{638E549C-522A-42B3-9B84-4E530A93D26F}.Release|Any CPU.Build.0 = Release|Any CPU
	EndGlobalSection
	GlobalSection(SolutionProperties) = preSolution
		HideSolutionNode = FALSE
	EndGlobalSection
	GlobalSection(ExtensibilityGlobals) = postSolution
		SolutionGuid = {8A5F5E22-14C6-4C0F-AE24-4C14A657FA26}
	EndGlobalSection
EndGlobal
